{
  "name": "ajs_ready",
  "version": "1.0.0",
  "lockfileVersion": 3,
  "requires": true,
  "packages": {
    "": {
      "name": "ajs_ready",
      "version": "1.0.0",
      "license": "ISC",
      "dependencies": {
        "@meshhi/ajs": "^1.0.0"
      }
    },
    "node_modules/@meshhi/ajs": {
      "version": "1.0.0",
      "resolved": "https://npm.pkg.github.com/download/@meshhi/ajs/1.0.0/648d7971bd46cc03e22473329599dcb2d60a5c3b",
      "integrity": "sha512-/O+WH79aWybz+vZBcN3qkYpLLsRIIfj424o3hkU5SL1hK+QI6xzJkJmS34M08uR60xD80W42fAU2snx67K52hQ==",
      "license": "ISC"
    }
  }
}
